
Microsoft Visual Studio Solution File, Format Version 12.00
# Visual Studio Version 17
VisualStudioVersion = 17.11.35312.102
MinimumVisualStudioVersion = 10.0.40219.1
Project("{FAE04EC0-301F-11D3-BF4B-00C04F79EFBC}") = "Laba1-18", "Laba1-18\Laba1-18.csproj", "{26FCD511-6264-473D-A338-E1BDAC31B36B}"
EndProject
Global
	GlobalSection(SolutionConfigurationPlatforms) = preSolution
		Debug|Any CPU = Debug|Any CPU
		Release|Any CPU = Release|Any CPU
	EndGlobalSection
	GlobalSection(ProjectConfigurationPlatforms) = postSolution
		{26FCD511-6264-473D-A338-E1BDAC31B36B}.Debug|Any CPU.ActiveCfg = Debug|Any CPU
		{26FCD511-6264-473D-A338-E1BDAC31B36B}.Debug|Any CPU.Build.0 = Debug|Any CPU
		{26FCD511-6264-473D-A338-E1BDAC31B36B}.Release|Any CPU.ActiveCfg = Release|Any CPU
		{26FCD511-6264-473D-A338-E1BDAC31B36B}.Release|Any CPU.Build.0 = Release|Any CPU
	EndGlobalSection
	GlobalSection(SolutionProperties) = preSolution
		HideSolutionNode = FALSE
	EndGlobalSection
	GlobalSection(ExtensibilityGlobals) = postSolution
		SolutionGuid = {2EA94D53-2C8C-4922-9B4F-428FC4AB37DE}
	EndGlobalSection
EndGlobal
